
Microsoft Visual Studio Solution File, Format Version 12.00
# Visual Studio Version 16
VisualStudioVersion = 16.0.29806.167
MinimumVisualStudioVersion = 10.0.40219.1
Project("{FAE04EC0-301F-11D3-BF4B-00C04F79EFBC}") = "ConsoleApp1", "ConsoleApp1\ConsoleApp1.csproj", "{7BB07C9D-5021-4C33-894C-52AFA8A2E6C5}"
EndProject
Global
	GlobalSection(SolutionConfigurationPlatforms) = preSolution
		Debug|Any CPU = Debug|Any CPU
		Release|Any CPU = Release|Any CPU
	EndGlobalSection
	GlobalSection(ProjectConfigurationPlatforms) = postSolution
		{7BB07C9D-5021-4C33-894C-52AFA8A2E6C5}.Debug|Any CPU.ActiveCfg = Debug|Any CPU
		{7BB07C9D-5021-4C33-894C-52AFA8A2E6C5}.Debug|Any CPU.Build.0 = Debug|Any CPU
		{7BB07C9D-5021-4C33-894C-52AFA8A2E6C5}.Release|Any CPU.ActiveCfg = Release|Any CPU
		{7BB07C9D-5021-4C33-894C-52AFA8A2E6C5}.Release|Any CPU.Build.0 = Release|Any CPU
	EndGlobalSection
	GlobalSection(SolutionProperties) = preSolution
		HideSolutionNode = FALSE
	EndGlobalSection
	GlobalSection(ExtensibilityGlobals) = postSolution
		SolutionGuid = {63B1BBC5-0B89-4653-8776-94F5C9B9A7EE}
	EndGlobalSection
EndGlobal
